// !$*UTF8*$!
{
	archiveVersion = 1;
	classes = {
	};
	objectVersion = 46;
	objects = {

/* Begin PBXBuildFile section */
		A563B3AF16617CAB0013A828 /* UIKit.framework in Frameworks */ = {isa = PBXBuildFile; fileRef = A563B3AE16617CAB0013A828 /* UIKit.framework */; };
		A563B3B116617CAB0013A828 /* Foundation.framework in Frameworks */ = {isa = PBXBuildFile; fileRef = A563B3B016617CAB0013A828 /* Foundation.framework */; };
		A563B3B316617CAB0013A828 /* CoreGraphics.framework in Frameworks */ = {isa = PBXBuildFile; fileRef = A563B3B216617CAB0013A828 /* CoreGraphics.framework */; };
		A563B3B916617CAB0013A828 /* InfoPlist.strings in Resources */ = {isa = PBXBuildFile; fileRef = A563B3B716617CAB0013A828 /* InfoPlist.strings */; };
		A563B3BB16617CAB0013A828 /* main.m in Sources */ = {isa = PBXBuildFile; fileRef = A563B3BA16617CAB0013A828 /* main.m */; };
		A563B3BF16617CAB0013A828 /* DrawItInTheAirAppDelegate.m in Sources */ = {isa = PBXBuildFile; fileRef = A563B3BE16617CAB0013A828 /* DrawItInTheAirAppDelegate.m */; };
		A563B3C116617CAB0013A828 /* Default.png in Resources */ = {isa = PBXBuildFile; fileRef = A563B3C016617CAB0013A828 /* Default.png */; };
		A563B3C316617CAB0013A828 /* Default@2x.png in Resources */ = {isa = PBXBuildFile; fileRef = A563B3C216617CAB0013A828 /* Default@2x.png */; };
		A563B3C516617CAB0013A828 /* Default-568h@2x.png in Resources */ = {isa = PBXBuildFile; fileRef = A563B3C416617CAB0013A828 /* Default-568h@2x.png */; };
		A563B3C816617CAB0013A828 /* DrawItInTheAirViewController.m in Sources */ = {isa = PBXBuildFile; fileRef = A563B3C716617CAB0013A828 /* DrawItInTheAirViewController.m */; };
		A563B3CB16617CAB0013A828 /* DrawItInTheAirViewController.xib in Resources */ = {isa = PBXBuildFile; fileRef = A563B3C916617CAB0013A828 /* DrawItInTheAirViewController.xib */; };
		A563B3D316617D620013A828 /* DrawItInTheAirModel.m in Sources */ = {isa = PBXBuildFile; fileRef = A563B3D216617D620013A828 /* DrawItInTheAirModel.m */; };
		A563B3E31661D5F40013A828 /* CoreMotion.framework in Frameworks */ = {isa = PBXBuildFile; fileRef = A563B3E21661D5F40013A828 /* CoreMotion.framework */; };
/* End PBXBuildFile section */

/* Begin PBXFileReference section */
		A563B3AA16617CAB0013A828 /* DrawItInTheAir.app */ = {isa = PBXFileReference; explicitFileType = wrapper.application; includeInIndex = 0; path = DrawItInTheAir.app; sourceTree = BUILT_PRODUCTS_DIR; };
		A563B3AE16617CAB0013A828 /* UIKit.framework */ = {isa = PBXFileReference; lastKnownFileType = wrapper.framework; name = UIKit.framework; path = System/Library/Frameworks/UIKit.framework; sourceTree = SDKROOT; };
		A563B3B016617CAB0013A828 /* Foundation.framework */ = {isa = PBXFileReference; lastKnownFileType = wrapper.framework; name = Foundation.framework; path = System/Library/Frameworks/Foundation.framework; sourceTree = SDKROOT; };
		A563B3B216617CAB0013A828 /* CoreGraphics.framework */ = {isa = PBXFileReference; lastKnownFileType = wrapper.framework; name = CoreGraphics.framework; path = System/Library/Frameworks/CoreGraphics.framework; sourceTree = SDKROOT; };
		A563B3B616617CAB0013A828 /* DrawItInTheAir-Info.plist */ = {isa = PBXFileReference; lastKnownFileType = text.plist.xml; path = "DrawItInTheAir-Info.plist"; sourceTree = "<group>"; };
		A563B3B816617CAB0013A828 /* en */ = {isa = PBXFileReference; lastKnownFileType = text.plist.strings; name = en; path = en.lproj/InfoPlist.strings; sourceTree = "<group>"; };
		A563B3BA16617CAB0013A828 /* main.m */ = {isa = PBXFileReference; lastKnownFileType = sourcecode.c.objc; path = main.m; sourceTree = "<group>"; };
		A563B3BC16617CAB0013A828 /* DrawItInTheAir-Prefix.pch */ = {isa = PBXFileReference; lastKnownFileType = sourcecode.c.h; path = "DrawItInTheAir-Prefix.pch"; sourceTree = "<group>"; };
		A563B3BD16617CAB0013A828 /* DrawItInTheAirAppDelegate.h */ = {isa = PBXFileReference; lastKnownFileType = sourcecode.c.h; path = DrawItInTheAirAppDelegate.h; sourceTree = "<group>"; };
		A563B3BE16617CAB0013A828 /* DrawItInTheAirAppDelegate.m */ = {isa = PBXFileReference; lastKnownFileType = sourcecode.c.objc; path = DrawItInTheAirAppDelegate.m; sourceTree = "<group>"; };
		A563B3C016617CAB0013A828 /* Default.png */ = {isa = PBXFileReference; lastKnownFileType = image.png; path = Default.png; sourceTree = "<group>"; };
		A563B3C216617CAB0013A828 /* Default@2x.png */ = {isa = PBXFileReference; lastKnownFileType = image.png; path = "Default@2x.png"; sourceTree = "<group>"; };
		A563B3C416617CAB0013A828 /* Default-568h@2x.png */ = {isa = PBXFileReference; lastKnownFileType = image.png; path = "Default-568h@2x.png"; sourceTree = "<group>"; };
		A563B3C616617CAB0013A828 /* DrawItInTheAirViewController.h */ = {isa = PBXFileReference; lastKnownFileType = sourcecode.c.h; path = DrawItInTheAirViewController.h; sourceTree = "<group>"; };
		A563B3C716617CAB0013A828 /* DrawItInTheAirViewController.m */ = {isa = PBXFileReference; lastKnownFileType = sourcecode.c.objc; path = DrawItInTheAirViewController.m; sourceTree = "<group>"; };
		A563B3CA16617CAB0013A828 /* en */ = {isa = PBXFileReference; lastKnownFileType = file.xib; name = en; path = en.lproj/DrawItInTheAirViewController.xib; sourceTree = "<group>"; };
		A563B3D116617D620013A828 /* DrawItInTheAirModel.h */ = {isa = PBXFileReference; fileEncoding = 4; lastKnownFileType = sourcecode.c.h; path = DrawItInTheAirModel.h; sourceTree = "<group>"; };
		A563B3D216617D620013A828 /* DrawItInTheAirModel.m */ = {isa = PBXFileReference; fileEncoding = 4; lastKnownFileType = sourcecode.c.objc; path = DrawItInTheAirModel.m; sourceTree = "<group>"; };
		A563B3E21661D5F40013A828 /* CoreMotion.framework */ = {isa = PBXFileReference; lastKnownFileType = wrapper.framework; name = CoreMotion.framework; path = System/Library/Frameworks/CoreMotion.framework; sourceTree = SDKROOT; };
/* End PBXFileReference section */

/* Begin PBXFrameworksBuildPhase section */
		A563B3A716617CAB0013A828 /* Frameworks */ = {
			isa = PBXFrameworksBuildPhase;
			buildActionMask = 2147483647;
			files = (
				A563B3E31661D5F40013A828 /* CoreMotion.framework in Frameworks */,
				A563B3AF16617CAB0013A828 /* UIKit.framework in Frameworks */,
				A563B3B116617CAB0013A828 /* Foundation.framework in Frameworks */,
				A563B3B316617CAB0013A828 /* CoreGraphics.framework in Frameworks */,
			);
			runOnlyForDeploymentPostprocessing = 0;
		};
/* End PBXFrameworksBuildPhase section */

/* Begin PBXGroup section */
		A563B39F16617CAB0013A828 = {
			isa = PBXGroup;
			children = (
				A563B3E21661D5F40013A828 /* CoreMotion.framework */,
				A563B3B416617CAB0013A828 /* DrawItInTheAir */,
				A563B3AD16617CAB0013A828 /* Frameworks */,
				A563B3AB16617CAB0013A828 /* Products */,
			);
			sourceTree = "<group>";
		};
		A563B3AB16617CAB0013A828 /* Products */ = {
			isa = PBXGroup;
			children = (
				A563B3AA16617CAB0013A828 /* DrawItInTheAir.app */,
			);
			name = Products;
			sourceTree = "<group>";
		};
		A563B3AD16617CAB0013A828 /* Frameworks */ = {
			isa = PBXGroup;
			children = (
				A563B3AE16617CAB0013A828 /* UIKit.framework */,
				A563B3B016617CAB0013A828 /* Foundation.framework */,
				A563B3B216617CAB0013A828 /* CoreGraphics.framework */,
			);
			name = Frameworks;
			sourceTree = "<group>";
		};
		A563B3B416617CAB0013A828 /* DrawItInTheAir */ = {
			isa = PBXGroup;
			children = (
				A563B3BD16617CAB0013A828 /* DrawItInTheAirAppDelegate.h */,
				A563B3BE16617CAB0013A828 /* DrawItInTheAirAppDelegate.m */,
				A563B3C616617CAB0013A828 /* DrawItInTheAirViewController.h */,
				A563B3C716617CAB0013A828 /* DrawItInTheAirViewController.m */,
				A563B3C916617CAB0013A828 /* DrawItInTheAirViewController.xib */,
				A563B3B516617CAB0013A828 /* Supporting Files */,
				A563B3D116617D620013A828 /* DrawItInTheAirModel.h */,
				A563B3D216617D620013A828 /* DrawItInTheAirModel.m */,
			);
			path = DrawItInTheAir;
			sourceTree = "<group>";
		};
		A563B3B516617CAB0013A828 /* Supporting Files */ = {
			isa = PBXGroup;
			children = (
				A563B3B616617CAB0013A828 /* DrawItInTheAir-Info.plist */,
				A563B3B716617CAB0013A828 /* InfoPlist.strings */,
				A563B3BA16617CAB0013A828 /* main.m */,
				A563B3BC16617CAB0013A828 /* DrawItInTheAir-Prefix.pch */,
				A563B3C016617CAB0013A828 /* Default.png */,
				A563B3C216617CAB0013A828 /* Default@2x.png */,
				A563B3C416617CAB0013A828 /* Default-568h@2x.png */,
			);
			name = "Supporting Files";
			sourceTree = "<group>";
		};
/* End PBXGroup section */

/* Begin PBXNativeTarget section */
		A563B3A916617CAB0013A828 /* DrawItInTheAir */ = {
			isa = PBXNativeTarget;
			buildConfigurationList = A563B3CE16617CAB0013A828 /* Build configuration list for PBXNativeTarget "DrawItInTheAir" */;
			buildPhases = (
				A563B3A616617CAB0013A828 /* Sources */,
				A563B3A716617CAB0013A828 /* Frameworks */,
				A563B3A816617CAB0013A828 /* Resources */,
			);
			buildRules = (
			);
			dependencies = (
			);
			name = DrawItInTheAir;
			productName = DrawItInTheAir;
			productReference = A563B3AA16617CAB0013A828 /* DrawItInTheAir.app */;
			productType = "com.apple.product-type.application";
		};
/* End PBXNativeTarget section */

/* Begin PBXProject section */
		A563B3A116617CAB0013A828 /* Project object */ = {
			isa = PBXProject;
			attributes = {
				CLASSPREFIX = DrawItInTheAir;
				LastUpgradeCheck = 0450;
				ORGANIZATIONNAME = "Sung Jik Cha";
			};
			buildConfigurationList = A563B3A416617CAB0013A828 /* Build configuration list for PBXProject "DrawItInTheAir" */;
			compatibilityVersion = "Xcode 3.2";
			developmentRegion = English;
			hasScannedForEncodings = 0;
			knownRegions = (
				en,
			);
			mainGroup = A563B39F16617CAB0013A828;
			productRefGroup = A563B3AB16617CAB0013A828 /* Products */;
			projectDirPath = "";
			projectRoot = "";
			targets = (
				A563B3A916617CAB0013A828 /* DrawItInTheAir */,
			);
		};
/* End PBXProject section */

/* Begin PBXResourcesBuildPhase section */
		A563B3A816617CAB0013A828 /* Resources */ = {
			isa = PBXResourcesBuildPhase;
			buildActionMask = 2147483647;
			files = (
				A563B3B916617CAB0013A828 /* InfoPlist.strings in Resources */,
				A563B3C116617CAB0013A828 /* Default.png in Resources */,
				A563B3C316617CAB0013A828 /* Default@2x.png in Resources */,
				A563B3C516617CAB0013A828 /* Default-568h@2x.png in Resources */,
				A563B3CB16617CAB0013A828 /* DrawItInTheAirViewController.xib in Resources */,
			);
			runOnlyForDeploymentPostprocessing = 0;
		};
/* End PBXResourcesBuildPhase section */

/* Begin PBXSourcesBuildPhase section */
		A563B3A616617CAB0013A828 /* Sources */ = {
			isa = PBXSourcesBuildPhase;
			buildActionMask = 2147483647;
			files = (
				A563B3BB16617CAB0013A828 /* main.m in Sources */,
				A563B3BF16617CAB0013A828 /* DrawItInTheAirAppDelegate.m in Sources */,
				A563B3C816617CAB0013A828 /* DrawItInTheAirViewController.m in Sources */,
				A563B3D316617D620013A828 /* DrawItInTheAirModel.m in Sources */,
			);
			runOnlyForDeploymentPostprocessing = 0;
		};
/* End PBXSourcesBuildPhase section */

/* Begin PBXVariantGroup section */
		A563B3B716617CAB0013A828 /* InfoPlist.strings */ = {
			isa = PBXVariantGroup;
			children = (
				A563B3B816617CAB0013A828 /* en */,
			);
			name = InfoPlist.strings;
			sourceTree = "<group>";
		};
		A563B3C916617CAB0013A828 /* DrawItInTheAirViewController.xib */ = {
			isa = PBXVariantGroup;
			children = (
				A563B3CA16617CAB0013A828 /* en */,
			);
			name = DrawItInTheAirViewController.xib;
			sourceTree = "<group>";
		};
/* End PBXVariantGroup section */

/* Begin XCBuildConfiguration section */
		A563B3CC16617CAB0013A828 /* Debug */ = {
			isa = XCBuildConfiguration;
			buildSettings = {
				ALWAYS_SEARCH_USER_PATHS = NO;
				CLANG_CXX_LANGUAGE_STANDARD = "gnu++0x";
				CLANG_CXX_LIBRARY = "libc++";
				CLANG_WARN_EMPTY_BODY = YES;
				CLANG_WARN__DUPLICATE_METHOD_MATCH = YES;
				"CODE_SIGN_IDENTITY[sdk=iphoneos*]" = "iPhone Developer";
				COPY_PHASE_STRIP = NO;
				GCC_C_LANGUAGE_STANDARD = gnu99;
				GCC_DYNAMIC_NO_PIC = NO;
				GCC_OPTIMIZATION_LEVEL = 0;
				GCC_PREPROCESSOR_DEFINITIONS = (
					"DEBUG=1",
					"$(inherited)",
				);
				GCC_SYMBOLS_PRIVATE_EXTERN = NO;
				GCC_WARN_ABOUT_RETURN_TYPE = YES;
				GCC_WARN_UNINITIALIZED_AUTOS = YES;
				GCC_WARN_UNUSED_VARIABLE = YES;
				IPHONEOS_DEPLOYMENT_TARGET = 6.0;
				ONLY_ACTIVE_ARCH = YES;
				SDKROOT = iphoneos;
			};
			name = Debug;
		};
		A563B3CD16617CAB0013A828 /* Release */ = {
			isa = XCBuildConfiguration;
			buildSettings = {
				ALWAYS_SEARCH_USER_PATHS = NO;
				CLANG_CXX_LANGUAGE_STANDARD = "gnu++0x";
				CLANG_CXX_LIBRARY = "libc++";
				CLANG_WARN_EMPTY_BODY = YES;
				CLANG_WARN__DUPLICATE_METHOD_MATCH = YES;
				"CODE_SIGN_IDENTITY[sdk=iphoneos*]" = "iPhone Developer";
				COPY_PHASE_STRIP = YES;
				GCC_C_LANGUAGE_STANDARD = gnu99;
				GCC_WARN_ABOUT_RETURN_TYPE = YES;
				GCC_WARN_UNINITIALIZED_AUTOS = YES;
				GCC_WARN_UNUSED_VARIABLE = YES;
				IPHONEOS_DEPLOYMENT_TARGET = 6.0;
				OTHER_CFLAGS = "-DNS_BLOCK_ASSERTIONS=1";
				SDKROOT = iphoneos;
				VALIDATE_PRODUCT = YES;
			};
			name = Release;
		};
		A563B3CF16617CAB0013A828 /* Debug */ = {
			isa = XCBuildConfiguration;
			buildSettings = {
				CODE_SIGN_IDENTITY = "iPhone Developer";
				"CODE_SIGN_IDENTITY[sdk=iphoneos*]" = "iPhone Developer";
				GCC_PRECOMPILE_PREFIX_HEADER = YES;
				GCC_PREFIX_HEADER = "DrawItInTheAir/DrawItInTheAir-Prefix.pch";
				INFOPLIST_FILE = "DrawItInTheAir/DrawItInTheAir-Info.plist";
				PRODUCT_NAME = "$(TARGET_NAME)";
				PROVISIONING_PROFILE = "";
				"PROVISIONING_PROFILE[sdk=iphoneos*]" = "";
				WRAPPER_EXTENSION = app;
			};
			name = Debug;
		};
		A563B3D016617CAB0013A828 /* Release */ = {
			isa = XCBuildConfiguration;
			buildSettings = {
				CODE_SIGN_IDENTITY = "iPhone Developer";
				"CODE_SIGN_IDENTITY[sdk=iphoneos*]" = "iPhone Developer";
				GCC_PRECOMPILE_PREFIX_HEADER = YES;
				GCC_PREFIX_HEADER = "DrawItInTheAir/DrawItInTheAir-Prefix.pch";
				INFOPLIST_FILE = "DrawItInTheAir/DrawItInTheAir-Info.plist";
				PRODUCT_NAME = "$(TARGET_NAME)";
				PROVISIONING_PROFILE = "";
				"PROVISIONING_PROFILE[sdk=iphoneos*]" = "";
				WRAPPER_EXTENSION = app;
			};
			name = Release;
		};
/* End XCBuildConfiguration section */

/* Begin XCConfigurationList section */
		A563B3A416617CAB0013A828 /* Build configuration list for PBXProject "DrawItInTheAir" */ = {
			isa = XCConfigurationList;
			buildConfigurations = (
				A563B3CC16617CAB0013A828 /* Debug */,
				A563B3CD16617CAB0013A828 /* Release */,
			);
			defaultConfigurationIsVisible = 0;
			defaultConfigurationName = Release;
		};
		A563B3CE16617CAB0013A828 /* Build configuration list for PBXNativeTarget "DrawItInTheAir" */ = {
			isa = XCConfigurationList;
			buildConfigurations = (
				A563B3CF16617CAB0013A828 /* Debug */,
				A563B3D016617CAB0013A828 /* Release */,
			);
			defaultConfigurationIsVisible = 0;
			defaultConfigurationName = Release;
		};
/* End XCConfigurationList section */
	};
	rootObject = A563B3A116617CAB0013A828 /* Project object */;
}
